
Microsoft Visual Studio Solution File, Format Version 12.00
Project("{FAE04EC0-301F-11D3-BF4B-00C04F79EFBC}") = "FoundryLanding", "FoundryLanding\FoundryLanding.csproj", "{8434E2AB-537E-402E-A5BF-876FA815709C}"
EndProject
Global
	GlobalSection(SolutionConfigurationPlatforms) = preSolution
		Debug|Any CPU = Debug|Any CPU
		Release|Any CPU = Release|Any CPU
	EndGlobalSection
	GlobalSection(ProjectConfigurationPlatforms) = postSolution
		{8434E2AB-537E-402E-A5BF-876FA815709C}.Debug|Any CPU.ActiveCfg = Debug|Any CPU
		{8434E2AB-537E-402E-A5BF-876FA815709C}.Debug|Any CPU.Build.0 = Debug|Any CPU
		{8434E2AB-537E-402E-A5BF-876FA815709C}.Release|Any CPU.ActiveCfg = Release|Any CPU
		{8434E2AB-537E-402E-A5BF-876FA815709C}.Release|Any CPU.Build.0 = Release|Any CPU
	EndGlobalSection
EndGlobal
